
Microsoft Visual Studio Solution File, Format Version 12.00
# Visual Studio Version 16
VisualStudioVersion = 16.0.30907.101
MinimumVisualStudioVersion = 10.0.40219.1
Project("{FAE04EC0-301F-11D3-BF4B-00C04F79EFBC}") = "BlazorHostInWinService", "BlazorHostInWinService\BlazorHostInWinService.csproj", "{713F63D9-EA01-413E-B958-0DAC57260EDF}"
EndProject
Global
	GlobalSection(SolutionConfigurationPlatforms) = preSolution
		Debug|Any CPU = Debug|Any CPU
		Release|Any CPU = Release|Any CPU
	EndGlobalSection
	GlobalSection(ProjectConfigurationPlatforms) = postSolution
		{713F63D9-EA01-413E-B958-0DAC57260EDF}.Debug|Any CPU.ActiveCfg = Debug|Any CPU
		{713F63D9-EA01-413E-B958-0DAC57260EDF}.Debug|Any CPU.Build.0 = Debug|Any CPU
		{713F63D9-EA01-413E-B958-0DAC57260EDF}.Release|Any CPU.ActiveCfg = Release|Any CPU
		{713F63D9-EA01-413E-B958-0DAC57260EDF}.Release|Any CPU.Build.0 = Release|Any CPU
	EndGlobalSection
	GlobalSection(SolutionProperties) = preSolution
		HideSolutionNode = FALSE
	EndGlobalSection
	GlobalSection(ExtensibilityGlobals) = postSolution
		SolutionGuid = {4DAA1C30-C2FD-49B7-9698-E6173BFA91A7}
	EndGlobalSection
EndGlobal
